
Microsoft Visual Studio Solution File, Format Version 12.00
# Visual Studio Version 16
VisualStudioVersion = 16.0.29102.190
MinimumVisualStudioVersion = 10.0.40219.1
Project("{FAE04EC0-301F-11D3-BF4B-00C04F79EFBC}") = "PushSMS", "PushSMS\PushSMS.csproj", "{79EC0E68-D19D-42C3-8F6F-3BBBDAEAA540}"
EndProject
Project("{FAE04EC0-301F-11D3-BF4B-00C04F79EFBC}") = "DataAccessLayer", "DataAccessLayer\DataAccessLayer.csproj", "{6351B746-2F71-4FB8-8B5F-F2633153147C}"
EndProject
Project("{FAE04EC0-301F-11D3-BF4B-00C04F79EFBC}") = "BusinessObjects", "BusinessObjects\BusinessObjects.csproj", "{BCC549E8-EEB4-4ACF-9B72-F6A1B4D09AAD}"
EndProject
Project("{FAE04EC0-301F-11D3-BF4B-00C04F79EFBC}") = "PullSMS_Success", "PullSMS_Success\PullSMS_Success.csproj", "{99359733-9663-4A27-B109-2C9D084B57D2}"
EndProject
Project("{FAE04EC0-301F-11D3-BF4B-00C04F79EFBC}") = "PullSMS_Error", "PullSMS_Error\PullSMS_Error.csproj", "{F01D6717-B7B6-4CCD-8251-5CA4BBDF363E}"
EndProject
Project("{FAE04EC0-301F-11D3-BF4B-00C04F79EFBC}") = "SendSMS", "SendSMS\SendSMS.csproj", "{47D063D7-6BF3-4A09-8BED-460474D4E2E0}"
EndProject
Project("{FAE04EC0-301F-11D3-BF4B-00C04F79EFBC}") = "OperatorGateway", "OperatorGateway\OperatorGateway.csproj", "{64BFB32B-AF00-41B8-B598-D7C60DE3931F}"
EndProject
Project("{FAE04EC0-301F-11D3-BF4B-00C04F79EFBC}") = "SMSBirthday", "SMSBirthday\SMSBirthday.csproj", "{0462A211-CBF5-4DE7-A528-B3F1AAAC67B3}"
EndProject
Project("{FAE04EC0-301F-11D3-BF4B-00C04F79EFBC}") = "Test", "Test\Test.csproj", "{5CA38E70-FA56-47B4-B326-9B6006569C32}"
EndProject
Project("{FAE04EC0-301F-11D3-BF4B-00C04F79EFBC}") = "SendData_old", "SendData\SendData_old.csproj", "{FC01077A-0070-4B2D-BB5A-10DAB8DA2F65}"
EndProject
Global
	GlobalSection(SolutionConfigurationPlatforms) = preSolution
		Debug|Any CPU = Debug|Any CPU
		Release|Any CPU = Release|Any CPU
	EndGlobalSection
	GlobalSection(ProjectConfigurationPlatforms) = postSolution
		{79EC0E68-D19D-42C3-8F6F-3BBBDAEAA540}.Debug|Any CPU.ActiveCfg = Debug|Any CPU
		{79EC0E68-D19D-42C3-8F6F-3BBBDAEAA540}.Debug|Any CPU.Build.0 = Debug|Any CPU
		{79EC0E68-D19D-42C3-8F6F-3BBBDAEAA540}.Release|Any CPU.ActiveCfg = Release|Any CPU
		{79EC0E68-D19D-42C3-8F6F-3BBBDAEAA540}.Release|Any CPU.Build.0 = Release|Any CPU
		{6351B746-2F71-4FB8-8B5F-F2633153147C}.Debug|Any CPU.ActiveCfg = Debug|Any CPU
		{6351B746-2F71-4FB8-8B5F-F2633153147C}.Debug|Any CPU.Build.0 = Debug|Any CPU
		{6351B746-2F71-4FB8-8B5F-F2633153147C}.Release|Any CPU.ActiveCfg = Release|Any CPU
		{6351B746-2F71-4FB8-8B5F-F2633153147C}.Release|Any CPU.Build.0 = Release|Any CPU
		{BCC549E8-EEB4-4ACF-9B72-F6A1B4D09AAD}.Debug|Any CPU.ActiveCfg = Debug|Any CPU
		{BCC549E8-EEB4-4ACF-9B72-F6A1B4D09AAD}.Debug|Any CPU.Build.0 = Debug|Any CPU
		{BCC549E8-EEB4-4ACF-9B72-F6A1B4D09AAD}.Release|Any CPU.ActiveCfg = Release|Any CPU
		{BCC549E8-EEB4-4ACF-9B72-F6A1B4D09AAD}.Release|Any CPU.Build.0 = Release|Any CPU
		{99359733-9663-4A27-B109-2C9D084B57D2}.Debug|Any CPU.ActiveCfg = Debug|Any CPU
		{99359733-9663-4A27-B109-2C9D084B57D2}.Debug|Any CPU.Build.0 = Debug|Any CPU
		{99359733-9663-4A27-B109-2C9D084B57D2}.Release|Any CPU.ActiveCfg = Release|Any CPU
		{99359733-9663-4A27-B109-2C9D084B57D2}.Release|Any CPU.Build.0 = Release|Any CPU
		{F01D6717-B7B6-4CCD-8251-5CA4BBDF363E}.Debug|Any CPU.ActiveCfg = Debug|Any CPU
		{F01D6717-B7B6-4CCD-8251-5CA4BBDF363E}.Debug|Any CPU.Build.0 = Debug|Any CPU
		{F01D6717-B7B6-4CCD-8251-5CA4BBDF363E}.Release|Any CPU.ActiveCfg = Release|Any CPU
		{F01D6717-B7B6-4CCD-8251-5CA4BBDF363E}.Release|Any CPU.Build.0 = Release|Any CPU
		{47D063D7-6BF3-4A09-8BED-460474D4E2E0}.Debug|Any CPU.ActiveCfg = Debug|Any CPU
		{47D063D7-6BF3-4A09-8BED-460474D4E2E0}.Debug|Any CPU.Build.0 = Debug|Any CPU
		{47D063D7-6BF3-4A09-8BED-460474D4E2E0}.Release|Any CPU.ActiveCfg = Release|Any CPU
		{47D063D7-6BF3-4A09-8BED-460474D4E2E0}.Release|Any CPU.Build.0 = Release|Any CPU
		{64BFB32B-AF00-41B8-B598-D7C60DE3931F}.Debug|Any CPU.ActiveCfg = Debug|Any CPU
		{64BFB32B-AF00-41B8-B598-D7C60DE3931F}.Debug|Any CPU.Build.0 = Debug|Any CPU
		{64BFB32B-AF00-41B8-B598-D7C60DE3931F}.Release|Any CPU.ActiveCfg = Release|Any CPU
		{64BFB32B-AF00-41B8-B598-D7C60DE3931F}.Release|Any CPU.Build.0 = Release|Any CPU
		{0462A211-CBF5-4DE7-A528-B3F1AAAC67B3}.Debug|Any CPU.ActiveCfg = Debug|Any CPU
		{0462A211-CBF5-4DE7-A528-B3F1AAAC67B3}.Debug|Any CPU.Build.0 = Debug|Any CPU
		{0462A211-CBF5-4DE7-A528-B3F1AAAC67B3}.Release|Any CPU.ActiveCfg = Release|Any CPU
		{0462A211-CBF5-4DE7-A528-B3F1AAAC67B3}.Release|Any CPU.Build.0 = Release|Any CPU
		{5CA38E70-FA56-47B4-B326-9B6006569C32}.Debug|Any CPU.ActiveCfg = Debug|Any CPU
		{5CA38E70-FA56-47B4-B326-9B6006569C32}.Debug|Any CPU.Build.0 = Debug|Any CPU
		{5CA38E70-FA56-47B4-B326-9B6006569C32}.Release|Any CPU.ActiveCfg = Release|Any CPU
		{5CA38E70-FA56-47B4-B326-9B6006569C32}.Release|Any CPU.Build.0 = Release|Any CPU
		{FC01077A-0070-4B2D-BB5A-10DAB8DA2F65}.Debug|Any CPU.ActiveCfg = Debug|Any CPU
		{FC01077A-0070-4B2D-BB5A-10DAB8DA2F65}.Debug|Any CPU.Build.0 = Debug|Any CPU
		{FC01077A-0070-4B2D-BB5A-10DAB8DA2F65}.Release|Any CPU.ActiveCfg = Release|Any CPU
		{FC01077A-0070-4B2D-BB5A-10DAB8DA2F65}.Release|Any CPU.Build.0 = Release|Any CPU
	EndGlobalSection
	GlobalSection(SolutionProperties) = preSolution
		HideSolutionNode = FALSE
	EndGlobalSection
	GlobalSection(ExtensibilityGlobals) = postSolution
		SolutionGuid = {919AA3E8-68CB-4592-A285-B9AA97DF9C62}
	EndGlobalSection
EndGlobal
